
Microsoft Visual Studio Solution File, Format Version 12.00
# Visual Studio Version 17
VisualStudioVersion = 17.2.32616.157
MinimumVisualStudioVersion = 10.0.40219.1
Project("{FAE04EC0-301F-11D3-BF4B-00C04F79EFBC}") = "MasterMind", "MasterMind.csproj", "{7B58CF49-2D18-405B-8CB8-0B6FEC2019B0}"
EndProject
Global
	GlobalSection(SolutionConfigurationPlatforms) = preSolution
		Debug|Any CPU = Debug|Any CPU
		Release|Any CPU = Release|Any CPU
	EndGlobalSection
	GlobalSection(ProjectConfigurationPlatforms) = postSolution
		{7B58CF49-2D18-405B-8CB8-0B6FEC2019B0}.Debug|Any CPU.ActiveCfg = Debug|Any CPU
		{7B58CF49-2D18-405B-8CB8-0B6FEC2019B0}.Debug|Any CPU.Build.0 = Debug|Any CPU
		{7B58CF49-2D18-405B-8CB8-0B6FEC2019B0}.Release|Any CPU.ActiveCfg = Release|Any CPU
		{7B58CF49-2D18-405B-8CB8-0B6FEC2019B0}.Release|Any CPU.Build.0 = Release|Any CPU
	EndGlobalSection
	GlobalSection(SolutionProperties) = preSolution
		HideSolutionNode = FALSE
	EndGlobalSection
	GlobalSection(ExtensibilityGlobals) = postSolution
		SolutionGuid = {8FF5302F-436A-40F8-B5EA-91C9B552DBA5}
	EndGlobalSection
EndGlobal
